
Microsoft Visual Studio Solution File, Format Version 12.00
# Visual Studio Version 17
VisualStudioVersion = 17.3.32901.215
MinimumVisualStudioVersion = 10.0.40219.1
Project("{FAE04EC0-301F-11D3-BF4B-00C04F79EFBC}") = "MigDashboard", "MigDashboard\MigDashboard.csproj", "{43C7DD42-4332-48C4-8208-9ECCF64CEC5A}"
EndProject
Global
	GlobalSection(SolutionConfigurationPlatforms) = preSolution
		Debug|Any CPU = Debug|Any CPU
		Release|Any CPU = Release|Any CPU
	EndGlobalSection
	GlobalSection(ProjectConfigurationPlatforms) = postSolution
		{43C7DD42-4332-48C4-8208-9ECCF64CEC5A}.Debug|Any CPU.ActiveCfg = Debug|Any CPU
		{43C7DD42-4332-48C4-8208-9ECCF64CEC5A}.Debug|Any CPU.Build.0 = Debug|Any CPU
		{43C7DD42-4332-48C4-8208-9ECCF64CEC5A}.Release|Any CPU.ActiveCfg = Release|Any CPU
		{43C7DD42-4332-48C4-8208-9ECCF64CEC5A}.Release|Any CPU.Build.0 = Release|Any CPU
	EndGlobalSection
	GlobalSection(SolutionProperties) = preSolution
		HideSolutionNode = FALSE
	EndGlobalSection
	GlobalSection(ExtensibilityGlobals) = postSolution
		SolutionGuid = {F59496A1-64DF-449C-960A-6C7C4A730CF5}
	EndGlobalSection
EndGlobal
